{
  "name": "netflix",
  "version": "1.0.0",
  "lockfileVersion": 3,
  "requires": true,
  "packages": {
    "": {
      "name": "netflix",
      "version": "1.0.0",
      "license": "ISC",
      "dependencies": {
        "bootstrap": "^5.3.6",
        "bootstrap-icons": "^1.12.1",
        "icons": "^1.0.0"
      }
    },
    "node_modules/bootstrap": {
      "version": "5.3.6",
      "resolved": "https://registry.npmjs.org/bootstrap/-/bootstrap-5.3.6.tgz",
      "integrity": "sha512-jX0GAcRzvdwISuvArXn3m7KZscWWFAf1MKBcnzaN02qWMb3jpMoUX4/qgeiGzqyIb4ojulRzs89UCUmGcFSzTA==",
      "funding": [
        {
          "type": "github",
          "url": "https://github.com/sponsors/twbs"
        },
        {
          "type": "opencollective",
          "url": "https://opencollective.com/bootstrap"
        }
      ],
      "license": "MIT",
      "peerDependencies": {
        "@popperjs/core": "^2.11.8"
      }
    },
    "node_modules/bootstrap-icons": {
      "version": "1.12.1",
      "resolved": "https://registry.npmjs.org/bootstrap-icons/-/bootstrap-icons-1.12.1.tgz",
      "integrity": "sha512-ekwupjsteHQmgGV+haQ0nNMoSyKCbJj5ou+06vFzb9uR2/bwN9isNEgXBaQzcT+fLzhKS3OaBNpwz8XdZlIgYQ==",
      "funding": [
        {
          "type": "github",
          "url": "https://github.com/sponsors/twbs"
        },
        {
          "type": "opencollective",
          "url": "https://opencollective.com/bootstrap"
        }
      ],
      "license": "MIT"
    },
    "node_modules/icons": {
      "version": "1.0.0",
      "resolved": "https://registry.npmjs.org/icons/-/icons-1.0.0.tgz",
      "integrity": "sha512-7POum3AHKovjEEXg4ITL2opTzGjnN2UnUIhv5LsUX+SjKBsFMjRyANShrCubt0KQdNdcX2wAym+JXOt6LceuYA==",
      "deprecated": "Package no longer supported. Contact support@npmjs.com for more info.",
      "license": "ISC"
    }
  }
}
